
Microsoft Visual Studio Solution File, Format Version 12.00
# Visual Studio 15
VisualStudioVersion = 15.0.27428.2015
MinimumVisualStudioVersion = 10.0.40219.1
Project("{FAE04EC0-301F-11D3-BF4B-00C04F79EFBC}") = "Orchard.Web", "Orchard.Web\Orchard.Web.csproj", "{50B779EA-EC00-4699-84C0-03B395C365D2}"
EndProject
Project("{2150E333-8FDC-42A3-9474-1A3956D46DE8}") = "Modules", "Modules", "{92627CD4-DDF3-48AA-99E0-05B0185D21E6}"
EndProject
Project("{FAE04EC0-301F-11D3-BF4B-00C04F79EFBC}") = "Enjoy.Core", "Orchard.Web\Modules\Enjoy.Core\Enjoy.Core.csproj", "{C0E95621-AA96-48F3-879E-214104EFBB70}"
EndProject
Project("{2150E333-8FDC-42A3-9474-1A3956D46DE8}") = "Themes", "Themes", "{7D568A32-9900-4121-9E24-1B85C7408977}"
EndProject
Project("{FAE04EC0-301F-11D3-BF4B-00C04F79EFBC}") = "EnjoyTheme", "Orchard.Web\Themes\EnjoyTheme\EnjoyTheme.csproj", "{39803D84-70E1-4C22-8FC7-14929F21166F}"
EndProject
Global
	GlobalSection(SolutionConfigurationPlatforms) = preSolution
		Debug|Any CPU = Debug|Any CPU
		Release|Any CPU = Release|Any CPU
	EndGlobalSection
	GlobalSection(ProjectConfigurationPlatforms) = postSolution
		{50B779EA-EC00-4699-84C0-03B395C365D2}.Debug|Any CPU.ActiveCfg = Debug|Any CPU
		{50B779EA-EC00-4699-84C0-03B395C365D2}.Debug|Any CPU.Build.0 = Debug|Any CPU
		{50B779EA-EC00-4699-84C0-03B395C365D2}.Release|Any CPU.ActiveCfg = Release|Any CPU
		{50B779EA-EC00-4699-84C0-03B395C365D2}.Release|Any CPU.Build.0 = Release|Any CPU
		{C0E95621-AA96-48F3-879E-214104EFBB70}.Debug|Any CPU.ActiveCfg = Debug|Any CPU
		{C0E95621-AA96-48F3-879E-214104EFBB70}.Debug|Any CPU.Build.0 = Debug|Any CPU
		{C0E95621-AA96-48F3-879E-214104EFBB70}.Release|Any CPU.ActiveCfg = Release|Any CPU
		{C0E95621-AA96-48F3-879E-214104EFBB70}.Release|Any CPU.Build.0 = Release|Any CPU
		{39803D84-70E1-4C22-8FC7-14929F21166F}.Debug|Any CPU.ActiveCfg = Debug|Any CPU
		{39803D84-70E1-4C22-8FC7-14929F21166F}.Debug|Any CPU.Build.0 = Debug|Any CPU
		{39803D84-70E1-4C22-8FC7-14929F21166F}.Release|Any CPU.ActiveCfg = Release|Any CPU
		{39803D84-70E1-4C22-8FC7-14929F21166F}.Release|Any CPU.Build.0 = Release|Any CPU
	EndGlobalSection
	GlobalSection(SolutionProperties) = preSolution
		HideSolutionNode = FALSE
	EndGlobalSection
	GlobalSection(NestedProjects) = preSolution
		{C0E95621-AA96-48F3-879E-214104EFBB70} = {92627CD4-DDF3-48AA-99E0-05B0185D21E6}
		{39803D84-70E1-4C22-8FC7-14929F21166F} = {7D568A32-9900-4121-9E24-1B85C7408977}
	EndGlobalSection
	GlobalSection(ExtensibilityGlobals) = postSolution
		SolutionGuid = {68AA8C70-8A05-4C53-B025-FC2D77E54A1B}
	EndGlobalSection
EndGlobal
